// !$*UTF8*$!
{
	archiveVersion = 1;
	classes = {
	};
	objectVersion = 56;
	objects = {

/* Begin PBXBuildFile section */
		B00000001 /* HevyCloneApp.swift in Sources */ = {isa = PBXBuildFile; fileRef = A00000001 /* HevyCloneApp.swift */; };
		B00000002 /* ContentView.swift in Sources */ = {isa = PBXBuildFile; fileRef = A00000002 /* ContentView.swift */; };
		B00000003 /* Exercise.swift in Sources */ = {isa = PBXBuildFile; fileRef = A00000003 /* Exercise.swift */; };
		B00000004 /* WorkoutSession.swift in Sources */ = {isa = PBXBuildFile; fileRef = A00000004 /* WorkoutSession.swift */; };
		B00000005 /* Routine.swift in Sources */ = {isa = PBXBuildFile; fileRef = A00000005 /* Routine.swift */; };
		B00000006 /* DataManager.swift in Sources */ = {isa = PBXBuildFile; fileRef = A00000006 /* DataManager.swift */; };
		B00000007 /* ActiveWorkoutViewModel.swift in Sources */ = {isa = PBXBuildFile; fileRef = A00000007 /* ActiveWorkoutViewModel.swift */; };
		B00000008 /* WorkoutTabView.swift in Sources */ = {isa = PBXBuildFile; fileRef = A00000008 /* WorkoutTabView.swift */; };
		B00000009 /* ActiveWorkoutView.swift in Sources */ = {isa = PBXBuildFile; fileRef = A00000009 /* ActiveWorkoutView.swift */; };
		B0000000A /* HistoryView.swift in Sources */ = {isa = PBXBuildFile; fileRef = A0000000A /* HistoryView.swift */; };
		B0000000B /* ExerciseLibraryView.swift in Sources */ = {isa = PBXBuildFile; fileRef = A0000000B /* ExerciseLibraryView.swift */; };
		B0000000C /* RoutinesView.swift in Sources */ = {isa = PBXBuildFile; fileRef = A0000000C /* RoutinesView.swift */; };
		B0000000D /* ProfileView.swift in Sources */ = {isa = PBXBuildFile; fileRef = A0000000D /* ProfileView.swift */; };
		B0000000E /* DashboardView.swift in Sources */ = {isa = PBXBuildFile; fileRef = A0000000E /* DashboardView.swift */; };
/* End PBXBuildFile section */

/* Begin PBXFileReference section */
		A00000001 /* HevyCloneApp.swift */ = {isa = PBXFileReference; lastKnownFileType = sourcecode.swift; path = HevyCloneApp.swift; sourceTree = "<group>"; };
		A00000002 /* ContentView.swift */ = {isa = PBXFileReference; lastKnownFileType = sourcecode.swift; path = ContentView.swift; sourceTree = "<group>"; };
		A00000003 /* Exercise.swift */ = {isa = PBXFileReference; lastKnownFileType = sourcecode.swift; path = Exercise.swift; sourceTree = "<group>"; };
		A00000004 /* WorkoutSession.swift */ = {isa = PBXFileReference; lastKnownFileType = sourcecode.swift; path = WorkoutSession.swift; sourceTree = "<group>"; };
		A00000005 /* Routine.swift */ = {isa = PBXFileReference; lastKnownFileType = sourcecode.swift; path = Routine.swift; sourceTree = "<group>"; };
		A00000006 /* DataManager.swift */ = {isa = PBXFileReference; lastKnownFileType = sourcecode.swift; path = DataManager.swift; sourceTree = "<group>"; };
		A00000007 /* ActiveWorkoutViewModel.swift */ = {isa = PBXFileReference; lastKnownFileType = sourcecode.swift; path = ActiveWorkoutViewModel.swift; sourceTree = "<group>"; };
		A00000008 /* WorkoutTabView.swift */ = {isa = PBXFileReference; lastKnownFileType = sourcecode.swift; path = WorkoutTabView.swift; sourceTree = "<group>"; };
		A00000009 /* ActiveWorkoutView.swift */ = {isa = PBXFileReference; lastKnownFileType = sourcecode.swift; path = ActiveWorkoutView.swift; sourceTree = "<group>"; };
		A0000000A /* HistoryView.swift */ = {isa = PBXFileReference; lastKnownFileType = sourcecode.swift; path = HistoryView.swift; sourceTree = "<group>"; };
		A0000000B /* ExerciseLibraryView.swift */ = {isa = PBXFileReference; lastKnownFileType = sourcecode.swift; path = ExerciseLibraryView.swift; sourceTree = "<group>"; };
		A0000000C /* RoutinesView.swift */ = {isa = PBXFileReference; lastKnownFileType = sourcecode.swift; path = RoutinesView.swift; sourceTree = "<group>"; };
		A0000000D /* ProfileView.swift */ = {isa = PBXFileReference; lastKnownFileType = sourcecode.swift; path = ProfileView.swift; sourceTree = "<group>"; };
		A0000000E /* DashboardView.swift */ = {isa = PBXFileReference; lastKnownFileType = sourcecode.swift; path = DashboardView.swift; sourceTree = "<group>"; };
		PROD000001 /* HevyClone.app */ = {isa = PBXFileReference; explicitFileType = wrapper.application; includeInIndex = 0; path = HevyClone.app; sourceTree = BUILT_PRODUCTS_DIR; };
/* End PBXFileReference section */

/* Begin PBXFrameworksBuildPhase section */
		FRMW000001 /* Frameworks */ = {
			isa = PBXFrameworksBuildPhase;
			buildActionMask = 2147483647;
			files = (
			);
			runOnlyForDeploymentPostprocessing = 0;
		};
/* End PBXFrameworksBuildPhase section */

/* Begin PBXGroup section */
		GRP0000001 /* HevyClone */ = {
			isa = PBXGroup;
			children = (
				GRPAPP00001 /* App */,
				GRPMDL00001 /* Models */,
				GRPVWM00001 /* ViewModels */,
				GRPVWS00001 /* Views */,
				GRPPER00001 /* Persistence */,
			);
			path = HevyClone;
			sourceTree = "<group>";
		};
		GRPAPP00001 /* App */ = {
			isa = PBXGroup;
			children = (
				A00000001 /* HevyCloneApp.swift */,
				A00000002 /* ContentView.swift */,
			);
			path = App;
			sourceTree = "<group>";
		};
		GRPMDL00001 /* Models */ = {
			isa = PBXGroup;
			children = (
				A00000003 /* Exercise.swift */,
				A00000004 /* WorkoutSession.swift */,
				A00000005 /* Routine.swift */,
			);
			path = Models;
			sourceTree = "<group>";
		};
		GRPVWM00001 /* ViewModels */ = {
			isa = PBXGroup;
			children = (
				A00000007 /* ActiveWorkoutViewModel.swift */,
			);
			path = ViewModels;
			sourceTree = "<group>";
		};
		GRPVWS00001 /* Views */ = {
			isa = PBXGroup;
			children = (
				GRPWKT00001 /* Workout */,
				GRPHIS00001 /* History */,
				GRPEXR00001 /* Exercises */,
				GRPRTN00001 /* Routines */,
				GRPPRF00001 /* Profile */,
				GRPDSH00001 /* Dashboard */,
			);
			path = Views;
			sourceTree = "<group>";
		};
		GRPWKT00001 /* Workout */ = {
			isa = PBXGroup;
			children = (
				A00000008 /* WorkoutTabView.swift */,
				A00000009 /* ActiveWorkoutView.swift */,
			);
			path = Workout;
			sourceTree = "<group>";
		};
		GRPHIS00001 /* History */ = {
			isa = PBXGroup;
			children = (
				A0000000A /* HistoryView.swift */,
			);
			path = History;
			sourceTree = "<group>";
		};
		GRPEXR00001 /* Exercises */ = {
			isa = PBXGroup;
			children = (
				A0000000B /* ExerciseLibraryView.swift */,
			);
			path = Exercises;
			sourceTree = "<group>";
		};
		GRPRTN00001 /* Routines */ = {
			isa = PBXGroup;
			children = (
				A0000000C /* RoutinesView.swift */,
			);
			path = Routines;
			sourceTree = "<group>";
		};
		GRPPRF00001 /* Profile */ = {
			isa = PBXGroup;
			children = (
				A0000000D /* ProfileView.swift */,
			);
			path = Profile;
			sourceTree = "<group>";
		};
		GRPDSH00001 /* Dashboard */ = {
			isa = PBXGroup;
			children = (
				A0000000E /* DashboardView.swift */,
			);
			path = Dashboard;
			sourceTree = "<group>";
		};
		GRPPER00001 /* Persistence */ = {
			isa = PBXGroup;
			children = (
				A00000006 /* DataManager.swift */,
			);
			path = Persistence;
			sourceTree = "<group>";
		};
		MAINGRP001 = {
			isa = PBXGroup;
			children = (
				GRP0000001 /* HevyClone */,
				PRODGRP001 /* Products */,
			);
			sourceTree = "<group>";
		};
		PRODGRP001 /* Products */ = {
			isa = PBXGroup;
			children = (
				PROD000001 /* HevyClone.app */,
			);
			name = Products;
			sourceTree = "<group>";
		};
/* End PBXGroup section */

/* Begin PBXNativeTarget section */
		TARGET00001 /* HevyClone */ = {
			isa = PBXNativeTarget;
			buildConfigurationList = BLDCFG00001 /* Build configuration list for PBXNativeTarget "HevyClone" */;
			buildPhases = (
				SRCS000001 /* Sources */,
				FRMW000001 /* Frameworks */,
				RSRC000001 /* Resources */,
			);
			buildRules = (
			);
			dependencies = (
			);
			name = HevyClone;
			productName = HevyClone;
			productReference = PROD000001 /* HevyClone.app */;
			productType = "com.apple.product-type.application";
		};
/* End PBXNativeTarget section */

/* Begin PBXProject section */
		PROJ000001 /* Project object */ = {
			isa = PBXProject;
			attributes = {
				BuildIndependentTargetsInParallel = 1;
				LastSwiftUpdateCheck = 1540;
				LastUpgradeCheck = 1540;
				TargetAttributes = {
					TARGET00001 = {
						CreatedOnToolsVersion = 15.4;
					};
				};
			};
			buildConfigurationList = BLDCFG00002 /* Build configuration list for PBXProject "HevyClone" */;
			compatibilityVersion = "Xcode 14.0";
			developmentRegion = en;
			hasScannedForEncodings = 0;
			knownRegions = (
				en,
				Base,
			);
			mainGroup = MAINGRP001;
			productRefGroup = PRODGRP001 /* Products */;
			projectDirPath = "";
			projectRoot = "";
			targets = (
				TARGET00001 /* HevyClone */,
			);
		};
/* End PBXProject section */

/* Begin PBXResourcesBuildPhase section */
		RSRC000001 /* Resources */ = {
			isa = PBXResourcesBuildPhase;
			buildActionMask = 2147483647;
			files = (
			);
			runOnlyForDeploymentPostprocessing = 0;
		};
/* End PBXResourcesBuildPhase section */

/* Begin PBXSourcesBuildPhase section */
		SRCS000001 /* Sources */ = {
			isa = PBXSourcesBuildPhase;
			buildActionMask = 2147483647;
			files = (
				B00000001 /* HevyCloneApp.swift in Sources */,
				B00000002 /* ContentView.swift in Sources */,
				B00000003 /* Exercise.swift in Sources */,
				B00000004 /* WorkoutSession.swift in Sources */,
				B00000005 /* Routine.swift in Sources */,
				B00000006 /* DataManager.swift in Sources */,
				B00000007 /* ActiveWorkoutViewModel.swift in Sources */,
				B00000008 /* WorkoutTabView.swift in Sources */,
				B00000009 /* ActiveWorkoutView.swift in Sources */,
				B0000000A /* HistoryView.swift in Sources */,
				B0000000B /* ExerciseLibraryView.swift in Sources */,
				B0000000C /* RoutinesView.swift in Sources */,
				B0000000D /* ProfileView.swift in Sources */,
				B0000000E /* DashboardView.swift in Sources */,
			);
			runOnlyForDeploymentPostprocessing = 0;
		};
/* End PBXSourcesBuildPhase section */

/* Begin XCBuildConfiguration section */
		CFG0000001 /* Debug */ = {
			isa = XCBuildConfiguration;
			buildSettings = {
				ALWAYS_SEARCH_USER_PATHS = NO;
				ASSETCATALOG_COMPILER_GENERATE_SWIFT_ASSET_SYMBOL_EXTENSIONS = YES;
				CLANG_ANALYZER_NONNULL = YES;
				CLANG_ANALYZER_NUMBER_OBJECT_CONVERSION = YES_AGGRESSIVE;
				CLANG_CXX_LANGUAGE_STANDARD = "gnu++20";
				CLANG_ENABLE_MODULES = YES;
				CLANG_ENABLE_OBJC_ARC = YES;
				CLANG_ENABLE_OBJC_WEAK = YES;
				CLANG_WARN_BLOCK_CAPTURE_AUTORELEASING = YES;
				CLANG_WARN_BOOL_CONVERSION = YES;
				CLANG_WARN_COMMA = YES;
				CLANG_WARN_CONSTANT_CONVERSION = YES;
				CLANG_WARN_DEPRECATED_OBJC_IMPLEMENTATIONS = YES;
				CLANG_WARN_DIRECT_OBJC_ISA_USAGE = YES_ERROR;
				CLANG_WARN_DOCUMENTATION_COMMENTS = YES;
				CLANG_WARN_EMPTY_BODY = YES;
				CLANG_WARN_ENUM_CONVERSION = YES;
				CLANG_WARN_INFINITE_RECURSION = YES;
				CLANG_WARN_INT_CONVERSION = YES;
				CLANG_WARN_NON_LITERAL_NULL_CONVERSION = YES;
				CLANG_WARN_OBJC_IMPLICIT_RETAIN_CYCLE = YES;
				CLANG_WARN_OBJC_LITERAL_CONVERSION = YES;
				CLANG_WARN_OBJC_ROOT_CLASS = YES_ERROR;
				CLANG_WARN_QUOTED_INCLUDE_IN_FRAMEWORK_HEADER = YES;
				CLANG_WARN_RANGE_LOOP_ANALYSIS = YES;
				CLANG_WARN_STRICT_PROTOTYPES = YES;
				CLANG_WARN_SUSPICIOUS_MOVE = YES;
				CLANG_WARN_UNGUARDED_AVAILABILITY = YES_AGGRESSIVE;
				CLANG_WARN_UNREACHABLE_CODE = YES;
				CLANG_WARN__DUPLICATE_METHOD_MATCH = YES;
				COPY_PHASE_STRIP = NO;
				DEBUG_INFORMATION_FORMAT = dwarf;
				ENABLE_STRICT_OBJC_MSGSEND = YES;
				ENABLE_TESTABILITY = YES;
				ENABLE_USER_SCRIPT_SANDBOXING = YES;
				GCC_C_LANGUAGE_STANDARD = gnu17;
				GCC_DYNAMIC_NO_PIC = NO;
				GCC_NO_COMMON_BLOCKS = YES;
				GCC_OPTIMIZATION_LEVEL = 0;
				GCC_PREPROCESSOR_DEFINITIONS = (
					"DEBUG=1",
					"$(inherited)",
				);
				GCC_WARN_64_TO_32_BIT_CONVERSION = YES;
				GCC_WARN_ABOUT_RETURN_TYPE = YES_ERROR;
				GCC_WARN_UNDECLARED_SELECTOR = YES;
				GCC_WARN_UNINITIALIZED_AUTOS = YES_AGGRESSIVE;
				GCC_WARN_UNUSED_FUNCTION = YES;
				GCC_WARN_UNUSED_VARIABLE = YES;
				IPHONEOS_DEPLOYMENT_TARGET = 17.0;
				MTL_ENABLE_DEBUG_INFO = INCLUDE_SOURCE;
				MTL_FAST_MATH = YES;
				ONLY_ACTIVE_ARCH = YES;
				SDKROOT = iphoneos;
				SWIFT_ACTIVE_COMPILATION_CONDITIONS = "DEBUG $(inherited)";
				SWIFT_OPTIMIZATION_LEVEL = "-Onone";
			};
			name = Debug;
		};
		CFG0000002 /* Release */ = {
			isa = XCBuildConfiguration;
			buildSettings = {
				ALWAYS_SEARCH_USER_PATHS = NO;
				ASSETCATALOG_COMPILER_GENERATE_SWIFT_ASSET_SYMBOL_EXTENSIONS = YES;
				CLANG_ANALYZER_NONNULL = YES;
				CLANG_ANALYZER_NUMBER_OBJECT_CONVERSION = YES_AGGRESSIVE;
				CLANG_CXX_LANGUAGE_STANDARD = "gnu++20";
				CLANG_ENABLE_MODULES = YES;
				CLANG_ENABLE_OBJC_ARC = YES;
				CLANG_ENABLE_OBJC_WEAK = YES;
				CLANG_WARN_BLOCK_CAPTURE_AUTORELEASING = YES;
				CLANG_WARN_BOOL_CONVERSION = YES;
				CLANG_WARN_COMMA = YES;
				CLANG_WARN_CONSTANT_CONVERSION = YES;
				CLANG_WARN_DEPRECATED_OBJC_IMPLEMENTATIONS = YES;
				CLANG_WARN_DIRECT_OBJC_ISA_USAGE = YES_ERROR;
				CLANG_WARN_DOCUMENTATION_COMMENTS = YES;
				CLANG_WARN_EMPTY_BODY = YES;
				CLANG_WARN_ENUM_CONVERSION = YES;
				CLANG_WARN_INFINITE_RECURSION = YES;
				CLANG_WARN_INT_CONVERSION = YES;
				CLANG_WARN_NON_LITERAL_NULL_CONVERSION = YES;
				CLANG_WARN_OBJC_IMPLICIT_RETAIN_CYCLE = YES;
				CLANG_WARN_OBJC_LITERAL_CONVERSION = YES;
				CLANG_WARN_OBJC_ROOT_CLASS = YES_ERROR;
				CLANG_WARN_QUOTED_INCLUDE_IN_FRAMEWORK_HEADER = YES;
				CLANG_WARN_RANGE_LOOP_ANALYSIS = YES;
				CLANG_WARN_STRICT_PROTOTYPES = YES;
				CLANG_WARN_SUSPICIOUS_MOVE = YES;
				CLANG_WARN_UNGUARDED_AVAILABILITY = YES_AGGRESSIVE;
				CLANG_WARN_UNREACHABLE_CODE = YES;
				CLANG_WARN__DUPLICATE_METHOD_MATCH = YES;
				COPY_PHASE_STRIP = NO;
				DEBUG_INFORMATION_FORMAT = "dwarf-with-dsym";
				ENABLE_NS_ASSERTIONS = NO;
				ENABLE_STRICT_OBJC_MSGSEND = YES;
				ENABLE_USER_SCRIPT_SANDBOXING = YES;
				GCC_C_LANGUAGE_STANDARD = gnu17;
				GCC_NO_COMMON_BLOCKS = YES;
				GCC_WARN_64_TO_32_BIT_CONVERSION = YES;
				GCC_WARN_ABOUT_RETURN_TYPE = YES_ERROR;
				GCC_WARN_UNDECLARED_SELECTOR = YES;
				GCC_WARN_UNINITIALIZED_AUTOS = YES_AGGRESSIVE;
				GCC_WARN_UNUSED_FUNCTION = YES;
				GCC_WARN_UNUSED_VARIABLE = YES;
				IPHONEOS_DEPLOYMENT_TARGET = 17.0;
				MTL_FAST_MATH = YES;
				SDKROOT = iphoneos;
				SWIFT_COMPILATION_MODE = wholemodule;
				VALIDATE_PRODUCT = YES;
			};
			name = Release;
		};
		CFG0000003 /* Debug */ = {
			isa = XCBuildConfiguration;
			buildSettings = {
				ASSETCATALOG_COMPILER_APPICON_NAME = AppIcon;
				ASSETCATALOG_COMPILER_GLOBAL_ACCENT_COLOR_NAME = AccentColor;
				CODE_SIGN_STYLE = Automatic;
				CURRENT_PROJECT_VERSION = 1;
				DEVELOPMENT_ASSET_PATHS = "";
				ENABLE_PREVIEWS = YES;
				GENERATE_INFOPLIST_FILE = YES;
				INFOPLIST_KEY_UIApplicationSceneManifest_Generation = YES;
				INFOPLIST_KEY_UIApplicationSupportsIndirectInputEvents = YES;
				INFOPLIST_KEY_UILaunchScreen_Generation = YES;
				INFOPLIST_KEY_UISupportedInterfaceOrientations_iPad = "UIInterfaceOrientationPortrait UIInterfaceOrientationPortraitUpsideDown UIInterfaceOrientationLandscapeLeft UIInterfaceOrientationLandscapeRight";
				INFOPLIST_KEY_UISupportedInterfaceOrientations_iPhone = "UIInterfaceOrientationPortrait UIInterfaceOrientationLandscapeLeft UIInterfaceOrientationLandscapeRight";
				LD_RUNPATH_SEARCH_PATHS = (
					"$(inherited)",
					"@executable_path/Frameworks",
				);
				MARKETING_VERSION = 1.0;
				PRODUCT_BUNDLE_IDENTIFIER = com.yourname.HevyClone;
				PRODUCT_NAME = "$(TARGET_NAME)";
				SWIFT_EMIT_LOC_STRINGS = YES;
				SWIFT_VERSION = 5.0;
				TARGETED_DEVICE_FAMILY = 1;
			};
			name = Debug;
		};
		CFG0000004 /* Release */ = {
			isa = XCBuildConfiguration;
			buildSettings = {
				ASSETCATALOG_COMPILER_APPICON_NAME = AppIcon;
				ASSETCATALOG_COMPILER_GLOBAL_ACCENT_COLOR_NAME = AccentColor;
				CODE_SIGN_STYLE = Automatic;
				CURRENT_PROJECT_VERSION = 1;
				DEVELOPMENT_ASSET_PATHS = "";
				ENABLE_PREVIEWS = YES;
				GENERATE_INFOPLIST_FILE = YES;
				INFOPLIST_KEY_UIApplicationSceneManifest_Generation = YES;
				INFOPLIST_KEY_UIApplicationSupportsIndirectInputEvents = YES;
				INFOPLIST_KEY_UILaunchScreen_Generation = YES;
				INFOPLIST_KEY_UISupportedInterfaceOrientations_iPad = "UIInterfaceOrientationPortrait UIInterfaceOrientationPortraitUpsideDown UIInterfaceOrientationLandscapeLeft UIInterfaceOrientationLandscapeRight";
				INFOPLIST_KEY_UISupportedInterfaceOrientations_iPhone = "UIInterfaceOrientationPortrait UIInterfaceOrientationLandscapeLeft UIInterfaceOrientationLandscapeRight";
				LD_RUNPATH_SEARCH_PATHS = (
					"$(inherited)",
					"@executable_path/Frameworks",
				);
				MARKETING_VERSION = 1.0;
				PRODUCT_BUNDLE_IDENTIFIER = com.yourname.HevyClone;
				PRODUCT_NAME = "$(TARGET_NAME)";
				SWIFT_EMIT_LOC_STRINGS = YES;
				SWIFT_VERSION = 5.0;
				TARGETED_DEVICE_FAMILY = 1;
			};
			name = Release;
		};
/* End XCBuildConfiguration section */

/* Begin XCConfigurationList section */
		BLDCFG00001 /* Build configuration list for PBXNativeTarget "HevyClone" */ = {
			isa = XCConfigurationList;
			buildConfigurations = (
				CFG0000003 /* Debug */,
				CFG0000004 /* Release */,
			);
			defaultConfigurationIsVisible = 0;
			defaultConfigurationName = Release;
		};
		BLDCFG00002 /* Build configuration list for PBXProject "HevyClone" */ = {
			isa = XCConfigurationList;
			buildConfigurations = (
				CFG0000001 /* Debug */,
				CFG0000002 /* Release */,
			);
			defaultConfigurationIsVisible = 0;
			defaultConfigurationName = Release;
		};
/* End XCConfigurationList section */

	};
	rootObject = PROJ000001 /* Project object */;
}
